// !$*UTF8*$!
{
	archiveVersion = 1;
	classes = {
	};
	objectVersion = 50;
	objects = {

/* Begin PBXBuildFile section */
		4AC95E8721935EC20094699B /* AppDelegate.swift in Sources */ = {isa = PBXBuildFile; fileRef = 4AC95E8621935EC20094699B /* AppDelegate.swift */; };
		4AC95E9C21935F300094699B /* Singleton.swift in Sources */ = {isa = PBXBuildFile; fileRef = 4AC95E9A21935F300094699B /* Singleton.swift */; };
		4AC95E9D21935F300094699B /* User.swift in Sources */ = {isa = PBXBuildFile; fileRef = 4AC95E9B21935F300094699B /* User.swift */; };
		4AC95EA221935F380094699B /* Headers.swift in Sources */ = {isa = PBXBuildFile; fileRef = 4AC95E9E21935F380094699B /* Headers.swift */; };
		4AC95EA321935F380094699B /* Url.swift in Sources */ = {isa = PBXBuildFile; fileRef = 4AC95E9F21935F380094699B /* Url.swift */; };
		4AC95EA421935F380094699B /* Core.swift in Sources */ = {isa = PBXBuildFile; fileRef = 4AC95EA021935F380094699B /* Core.swift */; };
		4AC95EA521935F380094699B /* Authentication.swift in Sources */ = {isa = PBXBuildFile; fileRef = 4AC95EA121935F380094699B /* Authentication.swift */; };
		4AC95EA721935F400094699B /* OAuthSwift.swift in Sources */ = {isa = PBXBuildFile; fileRef = 4AC95EA621935F400094699B /* OAuthSwift.swift */; };
		F6733466C817EFBFFE35A7D7 /* Pods_nexaasId_lib.framework in Frameworks */ = {isa = PBXBuildFile; fileRef = 2D309B8BE7911C93B38D8309 /* Pods_nexaasId_lib.framework */; };
/* End PBXBuildFile section */

/* Begin PBXFileReference section */
		2D309B8BE7911C93B38D8309 /* Pods_nexaasId_lib.framework */ = {isa = PBXFileReference; explicitFileType = wrapper.framework; includeInIndex = 0; path = Pods_nexaasId_lib.framework; sourceTree = BUILT_PRODUCTS_DIR; };
		4AC95E8321935EC20094699B /* nexaasId-lib.app */ = {isa = PBXFileReference; explicitFileType = wrapper.application; includeInIndex = 0; path = "nexaasId-lib.app"; sourceTree = BUILT_PRODUCTS_DIR; };
		4AC95E8621935EC20094699B /* AppDelegate.swift */ = {isa = PBXFileReference; lastKnownFileType = sourcecode.swift; path = AppDelegate.swift; sourceTree = "<group>"; };
		4AC95E9221935EC30094699B /* Info.plist */ = {isa = PBXFileReference; lastKnownFileType = text.plist.xml; path = Info.plist; sourceTree = "<group>"; };
		4AC95E9A21935F300094699B /* Singleton.swift */ = {isa = PBXFileReference; fileEncoding = 4; lastKnownFileType = sourcecode.swift; path = Singleton.swift; sourceTree = "<group>"; };
		4AC95E9B21935F300094699B /* User.swift */ = {isa = PBXFileReference; fileEncoding = 4; lastKnownFileType = sourcecode.swift; path = User.swift; sourceTree = "<group>"; };
		4AC95E9E21935F380094699B /* Headers.swift */ = {isa = PBXFileReference; fileEncoding = 4; lastKnownFileType = sourcecode.swift; path = Headers.swift; sourceTree = "<group>"; };
		4AC95E9F21935F380094699B /* Url.swift */ = {isa = PBXFileReference; fileEncoding = 4; lastKnownFileType = sourcecode.swift; path = Url.swift; sourceTree = "<group>"; };
		4AC95EA021935F380094699B /* Core.swift */ = {isa = PBXFileReference; fileEncoding = 4; lastKnownFileType = sourcecode.swift; path = Core.swift; sourceTree = "<group>"; };
		4AC95EA121935F380094699B /* Authentication.swift */ = {isa = PBXFileReference; fileEncoding = 4; lastKnownFileType = sourcecode.swift; path = Authentication.swift; sourceTree = "<group>"; };
		4AC95EA621935F400094699B /* OAuthSwift.swift */ = {isa = PBXFileReference; fileEncoding = 4; lastKnownFileType = sourcecode.swift; path = OAuthSwift.swift; sourceTree = "<group>"; };
		A7D7F5C0C0CC7D9FCE7C45A9 /* Pods-nexaasId-lib.release.xcconfig */ = {isa = PBXFileReference; includeInIndex = 1; lastKnownFileType = text.xcconfig; name = "Pods-nexaasId-lib.release.xcconfig"; path = "Pods/Target Support Files/Pods-nexaasId-lib/Pods-nexaasId-lib.release.xcconfig"; sourceTree = "<group>"; };
		F9F97EDC6224F5C7A501EF63 /* Pods-nexaasId-lib.debug.xcconfig */ = {isa = PBXFileReference; includeInIndex = 1; lastKnownFileType = text.xcconfig; name = "Pods-nexaasId-lib.debug.xcconfig"; path = "Pods/Target Support Files/Pods-nexaasId-lib/Pods-nexaasId-lib.debug.xcconfig"; sourceTree = "<group>"; };
/* End PBXFileReference section */

/* Begin PBXFrameworksBuildPhase section */
		4AC95E8021935EC20094699B /* Frameworks */ = {
			isa = PBXFrameworksBuildPhase;
			buildActionMask = 2147483647;
			files = (
				F6733466C817EFBFFE35A7D7 /* Pods_nexaasId_lib.framework in Frameworks */,
			);
			runOnlyForDeploymentPostprocessing = 0;
		};
/* End PBXFrameworksBuildPhase section */

/* Begin PBXGroup section */
		4AC95E7A21935EC20094699B = {
			isa = PBXGroup;
			children = (
				4AC95E8521935EC20094699B /* nexaasId-lib */,
				4AC95E8421935EC20094699B /* Products */,
				96B9C5C7EDFA04218FF47752 /* Pods */,
				A4FFC3AB0E4BDF170E974AA7 /* Frameworks */,
			);
			sourceTree = "<group>";
		};
		4AC95E8421935EC20094699B /* Products */ = {
			isa = PBXGroup;
			children = (
				4AC95E8321935EC20094699B /* nexaasId-lib.app */,
			);
			name = Products;
			sourceTree = "<group>";
		};
		4AC95E8521935EC20094699B /* nexaasId-lib */ = {
			isa = PBXGroup;
			children = (
				4AC95E8621935EC20094699B /* AppDelegate.swift */,
				4AC95E9221935EC30094699B /* Info.plist */,
				4AC95EA821935F440094699B /* Nexaas-id-lib */,
			);
			path = "nexaasId-lib";
			sourceTree = "<group>";
		};
		4AC95EA821935F440094699B /* Nexaas-id-lib */ = {
			isa = PBXGroup;
			children = (
				4AC95EA921935F4F0094699B /* Model */,
				4AC95EAA21935F590094699B /* Utils */,
				4AC95EA621935F400094699B /* OAuthSwift.swift */,
			);
			path = "Nexaas-id-lib";
			sourceTree = "<group>";
		};
		4AC95EA921935F4F0094699B /* Model */ = {
			isa = PBXGroup;
			children = (
				4AC95E9A21935F300094699B /* Singleton.swift */,
				4AC95E9B21935F300094699B /* User.swift */,
			);
			path = Model;
			sourceTree = "<group>";
		};
		4AC95EAA21935F590094699B /* Utils */ = {
			isa = PBXGroup;
			children = (
				4AC95EA121935F380094699B /* Authentication.swift */,
				4AC95EA021935F380094699B /* Core.swift */,
				4AC95E9E21935F380094699B /* Headers.swift */,
				4AC95E9F21935F380094699B /* Url.swift */,
			);
			path = Utils;
			sourceTree = "<group>";
		};
		96B9C5C7EDFA04218FF47752 /* Pods */ = {
			isa = PBXGroup;
			children = (
				F9F97EDC6224F5C7A501EF63 /* Pods-nexaasId-lib.debug.xcconfig */,
				A7D7F5C0C0CC7D9FCE7C45A9 /* Pods-nexaasId-lib.release.xcconfig */,
			);
			name = Pods;
			sourceTree = "<group>";
		};
		A4FFC3AB0E4BDF170E974AA7 /* Frameworks */ = {
			isa = PBXGroup;
			children = (
				2D309B8BE7911C93B38D8309 /* Pods_nexaasId_lib.framework */,
			);
			name = Frameworks;
			sourceTree = "<group>";
		};
/* End PBXGroup section */

/* Begin PBXNativeTarget section */
		4AC95E8221935EC20094699B /* nexaasId-lib */ = {
			isa = PBXNativeTarget;
			buildConfigurationList = 4AC95E9521935EC30094699B /* Build configuration list for PBXNativeTarget "nexaasId-lib" */;
			buildPhases = (
				F12F8EDA11E19C7FE93DCB9C /* [CP] Check Pods Manifest.lock */,
				4AC95E7F21935EC20094699B /* Sources */,
				4AC95E8021935EC20094699B /* Frameworks */,
				4AC95E8121935EC20094699B /* Resources */,
				059C29381DEC3C533D70F307 /* [CP] Embed Pods Frameworks */,
			);
			buildRules = (
			);
			dependencies = (
			);
			name = "nexaasId-lib";
			productName = "nexaasId-lib";
			productReference = 4AC95E8321935EC20094699B /* nexaasId-lib.app */;
			productType = "com.apple.product-type.application";
		};
/* End PBXNativeTarget section */

/* Begin PBXProject section */
		4AC95E7B21935EC20094699B /* Project object */ = {
			isa = PBXProject;
			attributes = {
				LastSwiftUpdateCheck = 1000;
				LastUpgradeCheck = 1000;
				ORGANIZATIONNAME = "Rodrigo Andrade";
				TargetAttributes = {
					4AC95E8221935EC20094699B = {
						CreatedOnToolsVersion = 10.0;
					};
				};
			};
			buildConfigurationList = 4AC95E7E21935EC20094699B /* Build configuration list for PBXProject "nexaasId-lib" */;
			compatibilityVersion = "Xcode 9.3";
			developmentRegion = en;
			hasScannedForEncodings = 0;
			knownRegions = (
				en,
				Base,
			);
			mainGroup = 4AC95E7A21935EC20094699B;
			productRefGroup = 4AC95E8421935EC20094699B /* Products */;
			projectDirPath = "";
			projectRoot = "";
			targets = (
				4AC95E8221935EC20094699B /* nexaasId-lib */,
			);
		};
/* End PBXProject section */

/* Begin PBXResourcesBuildPhase section */
		4AC95E8121935EC20094699B /* Resources */ = {
			isa = PBXResourcesBuildPhase;
			buildActionMask = 2147483647;
			files = (
			);
			runOnlyForDeploymentPostprocessing = 0;
		};
/* End PBXResourcesBuildPhase section */

/* Begin PBXShellScriptBuildPhase section */
		059C29381DEC3C533D70F307 /* [CP] Embed Pods Frameworks */ = {
			isa = PBXShellScriptBuildPhase;
			buildActionMask = 2147483647;
			files = (
			);
			inputFileListPaths = (
			);
			inputPaths = (
				"${SRCROOT}/Pods/Target Support Files/Pods-nexaasId-lib/Pods-nexaasId-lib-frameworks.sh",
				"${BUILT_PRODUCTS_DIR}/Alamofire/Alamofire.framework",
				"${BUILT_PRODUCTS_DIR}/CodableAlamofire/CodableAlamofire.framework",
				"${BUILT_PRODUCTS_DIR}/OAuthSwift/OAuthSwift.framework",
			);
			name = "[CP] Embed Pods Frameworks";
			outputFileListPaths = (
			);
			outputPaths = (
				"${TARGET_BUILD_DIR}/${FRAMEWORKS_FOLDER_PATH}/Alamofire.framework",
				"${TARGET_BUILD_DIR}/${FRAMEWORKS_FOLDER_PATH}/CodableAlamofire.framework",
				"${TARGET_BUILD_DIR}/${FRAMEWORKS_FOLDER_PATH}/OAuthSwift.framework",
			);
			runOnlyForDeploymentPostprocessing = 0;
			shellPath = /bin/sh;
			shellScript = "\"${SRCROOT}/Pods/Target Support Files/Pods-nexaasId-lib/Pods-nexaasId-lib-frameworks.sh\"\n";
			showEnvVarsInLog = 0;
		};
		F12F8EDA11E19C7FE93DCB9C /* [CP] Check Pods Manifest.lock */ = {
			isa = PBXShellScriptBuildPhase;
			buildActionMask = 2147483647;
			files = (
			);
			inputFileListPaths = (
			);
			inputPaths = (
				"${PODS_PODFILE_DIR_PATH}/Podfile.lock",
				"${PODS_ROOT}/Manifest.lock",
			);
			name = "[CP] Check Pods Manifest.lock";
			outputFileListPaths = (
			);
			outputPaths = (
				"$(DERIVED_FILE_DIR)/Pods-nexaasId-lib-checkManifestLockResult.txt",
			);
			runOnlyForDeploymentPostprocessing = 0;
			shellPath = /bin/sh;
			shellScript = "diff \"${PODS_PODFILE_DIR_PATH}/Podfile.lock\" \"${PODS_ROOT}/Manifest.lock\" > /dev/null\nif [ $? != 0 ] ; then\n    # print error to STDERR\n    echo \"error: The sandbox is not in sync with the Podfile.lock. Run 'pod install' or update your CocoaPods installation.\" >&2\n    exit 1\nfi\n# This output is used by Xcode 'outputs' to avoid re-running this script phase.\necho \"SUCCESS\" > \"${SCRIPT_OUTPUT_FILE_0}\"\n";
			showEnvVarsInLog = 0;
		};
/* End PBXShellScriptBuildPhase section */

/* Begin PBXSourcesBuildPhase section */
		4AC95E7F21935EC20094699B /* Sources */ = {
			isa = PBXSourcesBuildPhase;
			buildActionMask = 2147483647;
			files = (
				4AC95EA521935F380094699B /* Authentication.swift in Sources */,
				4AC95EA721935F400094699B /* OAuthSwift.swift in Sources */,
				4AC95EA421935F380094699B /* Core.swift in Sources */,
				4AC95EA221935F380094699B /* Headers.swift in Sources */,
				4AC95E8721935EC20094699B /* AppDelegate.swift in Sources */,
				4AC95E9C21935F300094699B /* Singleton.swift in Sources */,
				4AC95E9D21935F300094699B /* User.swift in Sources */,
				4AC95EA321935F380094699B /* Url.swift in Sources */,
			);
			runOnlyForDeploymentPostprocessing = 0;
		};
/* End PBXSourcesBuildPhase section */

/* Begin XCBuildConfiguration section */
		4AC95E9321935EC30094699B /* Debug */ = {
			isa = XCBuildConfiguration;
			buildSettings = {
				ALWAYS_SEARCH_USER_PATHS = NO;
				CLANG_ANALYZER_NONNULL = YES;
				CLANG_ANALYZER_NUMBER_OBJECT_CONVERSION = YES_AGGRESSIVE;
				CLANG_CXX_LANGUAGE_STANDARD = "gnu++14";
				CLANG_CXX_LIBRARY = "libc++";
				CLANG_ENABLE_MODULES = YES;
				CLANG_ENABLE_OBJC_ARC = YES;
				CLANG_ENABLE_OBJC_WEAK = YES;
				CLANG_WARN_BLOCK_CAPTURE_AUTORELEASING = YES;
				CLANG_WARN_BOOL_CONVERSION = YES;
				CLANG_WARN_COMMA = YES;
				CLANG_WARN_CONSTANT_CONVERSION = YES;
				CLANG_WARN_DEPRECATED_OBJC_IMPLEMENTATIONS = YES;
				CLANG_WARN_DIRECT_OBJC_ISA_USAGE = YES_ERROR;
				CLANG_WARN_DOCUMENTATION_COMMENTS = YES;
				CLANG_WARN_EMPTY_BODY = YES;
				CLANG_WARN_ENUM_CONVERSION = YES;
				CLANG_WARN_INFINITE_RECURSION = YES;
				CLANG_WARN_INT_CONVERSION = YES;
				CLANG_WARN_NON_LITERAL_NULL_CONVERSION = YES;
				CLANG_WARN_OBJC_IMPLICIT_RETAIN_SELF = YES;
				CLANG_WARN_OBJC_LITERAL_CONVERSION = YES;
				CLANG_WARN_OBJC_ROOT_CLASS = YES_ERROR;
				CLANG_WARN_RANGE_LOOP_ANALYSIS = YES;
				CLANG_WARN_STRICT_PROTOTYPES = YES;
				CLANG_WARN_SUSPICIOUS_MOVE = YES;
				CLANG_WARN_UNGUARDED_AVAILABILITY = YES_AGGRESSIVE;
				CLANG_WARN_UNREACHABLE_CODE = YES;
				CLANG_WARN__DUPLICATE_METHOD_MATCH = YES;
				CODE_SIGN_IDENTITY = "iPhone Developer";
				COPY_PHASE_STRIP = NO;
				DEBUG_INFORMATION_FORMAT = dwarf;
				ENABLE_STRICT_OBJC_MSGSEND = YES;
				ENABLE_TESTABILITY = YES;
				GCC_C_LANGUAGE_STANDARD = gnu11;
				GCC_DYNAMIC_NO_PIC = NO;
				GCC_NO_COMMON_BLOCKS = YES;
				GCC_OPTIMIZATION_LEVEL = 0;
				GCC_PREPROCESSOR_DEFINITIONS = (
					"DEBUG=1",
					"$(inherited)",
				);
				GCC_WARN_64_TO_32_BIT_CONVERSION = YES;
				GCC_WARN_ABOUT_RETURN_TYPE = YES_ERROR;
				GCC_WARN_UNDECLARED_SELECTOR = YES;
				GCC_WARN_UNINITIALIZED_AUTOS = YES_AGGRESSIVE;
				GCC_WARN_UNUSED_FUNCTION = YES;
				GCC_WARN_UNUSED_VARIABLE = YES;
				IPHONEOS_DEPLOYMENT_TARGET = 12.0;
				MTL_ENABLE_DEBUG_INFO = INCLUDE_SOURCE;
				MTL_FAST_MATH = YES;
				ONLY_ACTIVE_ARCH = YES;
				SDKROOT = iphoneos;
				SWIFT_ACTIVE_COMPILATION_CONDITIONS = DEBUG;
				SWIFT_OPTIMIZATION_LEVEL = "-Onone";
			};
			name = Debug;
		};
		4AC95E9421935EC30094699B /* Release */ = {
			isa = XCBuildConfiguration;
			buildSettings = {
				ALWAYS_SEARCH_USER_PATHS = NO;
				CLANG_ANALYZER_NONNULL = YES;
				CLANG_ANALYZER_NUMBER_OBJECT_CONVERSION = YES_AGGRESSIVE;
				CLANG_CXX_LANGUAGE_STANDARD = "gnu++14";
				CLANG_CXX_LIBRARY = "libc++";
				CLANG_ENABLE_MODULES = YES;
				CLANG_ENABLE_OBJC_ARC = YES;
				CLANG_ENABLE_OBJC_WEAK = YES;
				CLANG_WARN_BLOCK_CAPTURE_AUTORELEASING = YES;
				CLANG_WARN_BOOL_CONVERSION = YES;
				CLANG_WARN_COMMA = YES;
				CLANG_WARN_CONSTANT_CONVERSION = YES;
				CLANG_WARN_DEPRECATED_OBJC_IMPLEMENTATIONS = YES;
				CLANG_WARN_DIRECT_OBJC_ISA_USAGE = YES_ERROR;
				CLANG_WARN_DOCUMENTATION_COMMENTS = YES;
				CLANG_WARN_EMPTY_BODY = YES;
				CLANG_WARN_ENUM_CONVERSION = YES;
				CLANG_WARN_INFINITE_RECURSION = YES;
				CLANG_WARN_INT_CONVERSION = YES;
				CLANG_WARN_NON_LITERAL_NULL_CONVERSION = YES;
				CLANG_WARN_OBJC_IMPLICIT_RETAIN_SELF = YES;
				CLANG_WARN_OBJC_LITERAL_CONVERSION = YES;
				CLANG_WARN_OBJC_ROOT_CLASS = YES_ERROR;
				CLANG_WARN_RANGE_LOOP_ANALYSIS = YES;
				CLANG_WARN_STRICT_PROTOTYPES = YES;
				CLANG_WARN_SUSPICIOUS_MOVE = YES;
				CLANG_WARN_UNGUARDED_AVAILABILITY = YES_AGGRESSIVE;
				CLANG_WARN_UNREACHABLE_CODE = YES;
				CLANG_WARN__DUPLICATE_METHOD_MATCH = YES;
				CODE_SIGN_IDENTITY = "iPhone Developer";
				COPY_PHASE_STRIP = NO;
				DEBUG_INFORMATION_FORMAT = "dwarf-with-dsym";
				ENABLE_NS_ASSERTIONS = NO;
				ENABLE_STRICT_OBJC_MSGSEND = YES;
				GCC_C_LANGUAGE_STANDARD = gnu11;
				GCC_NO_COMMON_BLOCKS = YES;
				GCC_WARN_64_TO_32_BIT_CONVERSION = YES;
				GCC_WARN_ABOUT_RETURN_TYPE = YES_ERROR;
				GCC_WARN_UNDECLARED_SELECTOR = YES;
				GCC_WARN_UNINITIALIZED_AUTOS = YES_AGGRESSIVE;
				GCC_WARN_UNUSED_FUNCTION = YES;
				GCC_WARN_UNUSED_VARIABLE = YES;
				IPHONEOS_DEPLOYMENT_TARGET = 12.0;
				MTL_ENABLE_DEBUG_INFO = NO;
				MTL_FAST_MATH = YES;
				SDKROOT = iphoneos;
				SWIFT_COMPILATION_MODE = wholemodule;
				SWIFT_OPTIMIZATION_LEVEL = "-O";
				VALIDATE_PRODUCT = YES;
			};
			name = Release;
		};
		4AC95E9621935EC30094699B /* Debug */ = {
			isa = XCBuildConfiguration;
			baseConfigurationReference = F9F97EDC6224F5C7A501EF63 /* Pods-nexaasId-lib.debug.xcconfig */;
			buildSettings = {
				ASSETCATALOG_COMPILER_APPICON_NAME = AppIcon;
				CODE_SIGN_STYLE = Automatic;
				INFOPLIST_FILE = "nexaasId-lib/Info.plist";
				LD_RUNPATH_SEARCH_PATHS = (
					"$(inherited)",
					"@executable_path/Frameworks",
				);
				PRODUCT_BUNDLE_IDENTIFIER = "com.nexaas.nexaasId-lib";
				PRODUCT_NAME = "$(TARGET_NAME)";
				SWIFT_VERSION = 4.2;
				TARGETED_DEVICE_FAMILY = "1,2";
			};
			name = Debug;
		};
		4AC95E9721935EC30094699B /* Release */ = {
			isa = XCBuildConfiguration;
			baseConfigurationReference = A7D7F5C0C0CC7D9FCE7C45A9 /* Pods-nexaasId-lib.release.xcconfig */;
			buildSettings = {
				ASSETCATALOG_COMPILER_APPICON_NAME = AppIcon;
				CODE_SIGN_STYLE = Automatic;
				INFOPLIST_FILE = "nexaasId-lib/Info.plist";
				LD_RUNPATH_SEARCH_PATHS = (
					"$(inherited)",
					"@executable_path/Frameworks",
				);
				PRODUCT_BUNDLE_IDENTIFIER = "com.nexaas.nexaasId-lib";
				PRODUCT_NAME = "$(TARGET_NAME)";
				SWIFT_VERSION = 4.2;
				TARGETED_DEVICE_FAMILY = "1,2";
			};
			name = Release;
		};
/* End XCBuildConfiguration section */

/* Begin XCConfigurationList section */
		4AC95E7E21935EC20094699B /* Build configuration list for PBXProject "nexaasId-lib" */ = {
			isa = XCConfigurationList;
			buildConfigurations = (
				4AC95E9321935EC30094699B /* Debug */,
				4AC95E9421935EC30094699B /* Release */,
			);
			defaultConfigurationIsVisible = 0;
			defaultConfigurationName = Release;
		};
		4AC95E9521935EC30094699B /* Build configuration list for PBXNativeTarget "nexaasId-lib" */ = {
			isa = XCConfigurationList;
			buildConfigurations = (
				4AC95E9621935EC30094699B /* Debug */,
				4AC95E9721935EC30094699B /* Release */,
			);
			defaultConfigurationIsVisible = 0;
			defaultConfigurationName = Release;
		};
/* End XCConfigurationList section */
	};
	rootObject = 4AC95E7B21935EC20094699B /* Project object */;
}
